
Microsoft Visual Studio Solution File, Format Version 12.00
# Visual Studio Version 17
VisualStudioVersion = 17.8.34511.84
MinimumVisualStudioVersion = 10.0.40219.1
Project("{2150E333-8FDC-42A3-9474-1A3956D46DE8}") = "Data", "Data", "{AABE65E7-2909-4C2C-96E8-D0D3F2464EC9}"
EndProject
Project("{2150E333-8FDC-42A3-9474-1A3956D46DE8}") = "Shared", "Shared", "{DC6DBD5B-5AE0-40D7-A958-FE1B18F52F88}"
EndProject
Project("{2150E333-8FDC-42A3-9474-1A3956D46DE8}") = "Services", "Services", "{5805886F-A3FF-4C7A-BD75-F136ED5B636A}"
EndProject
Project("{2150E333-8FDC-42A3-9474-1A3956D46DE8}") = "Systems", "Systems", "{C58D84F9-1B9B-407C-8B03-04ACB468ABAD}"
EndProject
Project("{2150E333-8FDC-42A3-9474-1A3956D46DE8}") = "Api", "Api", "{C49F534E-40C5-4467-A250-3F31D0BCC091}"
EndProject
Project("{9A19103F-16F7-4668-BE54-9A1E7A4F7556}") = "MeetingOrganizer.Api", "Systems\Api\MeetingOrganizer.Api\MeetingOrganizer.Api.csproj", "{E74AF201-20C7-4571-B435-942F104E347E}"
EndProject
Project("{9A19103F-16F7-4668-BE54-9A1E7A4F7556}") = "MeetingOrganizer.Common", "Shared\MeetingOrganizer.Common\MeetingOrganizer.Common.csproj", "{FCB3CA7F-0341-4883-BC98-B090D5B9BA16}"
EndProject
Project("{9A19103F-16F7-4668-BE54-9A1E7A4F7556}") = "MeetingOrganizer.Settings", "Shared\MeetingOrganizer.Settings\MeetingOrganizer.Settings.csproj", "{539E9690-5CD6-4C52-886C-1FA8D87B1214}"
EndProject
Project("{9A19103F-16F7-4668-BE54-9A1E7A4F7556}") = "MeetingOrganizer.Services.Settings", "Services\MeetingOrganizer.Services.Settings\MeetingOrganizer.Services.Settings.csproj", "{98A77E1E-52E4-4CB3-8375-DFFDB2EA4FFA}"
EndProject
Project("{9A19103F-16F7-4668-BE54-9A1E7A4F7556}") = "MeetingOrganizer.Context.Entities", "Data\MeetingOrganizer.Context.Entities\MeetingOrganizer.Context.Entities.csproj", "{E2453AA7-9064-4DD4-A917-79FD34C0F792}"
EndProject
Project("{9A19103F-16F7-4668-BE54-9A1E7A4F7556}") = "MeetingOrganizer.Context", "Data\MeetingOrganizer.Context\MeetingOrganizer.Context.csproj", "{B14D2D1A-0858-4E02-B3AB-5860F4773439}"
EndProject
Project("{9A19103F-16F7-4668-BE54-9A1E7A4F7556}") = "MeetingOrganizer.Context.MigrationsPostgreSQL", "Data\MeetingOrganizer.Context.MigrationsPostgreSQL\MeetingOrganizer.Context.MigrationsPostgreSQL.csproj", "{9507D640-5F0A-492F-A1EA-0968D032A7E4}"
EndProject
Project("{9A19103F-16F7-4668-BE54-9A1E7A4F7556}") = "MeetingOrganizer.Services.UserAccount", "Services\MeetingOrganizer.Services.UserAccount\MeetingOrganizer.Services.UserAccount.csproj", "{27A48FCA-4C9A-4C6E-9402-BDE07531A6A6}"
EndProject
Project("{9A19103F-16F7-4668-BE54-9A1E7A4F7556}") = "MeetingOrganizer.Context.Seeder", "Data\MeetingOrganizer.Context.Seeder\MeetingOrganizer.Context.Seeder.csproj", "{AC1FB4DC-2554-46C1-822F-42DD406617CA}"
EndProject
Project("{9A19103F-16F7-4668-BE54-9A1E7A4F7556}") = "MeetingOrganizer.Services.Logger", "Services\MeetingOrganizer.Services.Logger\MeetingOrganizer.Services.Logger.csproj", "{0B481274-34A2-4721-B1AC-4182C148CDFC}"
EndProject
Project("{9A19103F-16F7-4668-BE54-9A1E7A4F7556}") = "MeetingOrganizer.Services.Meetings", "Services\MeetingOrganizer.Services.Meetings\MeetingOrganizer.Services.Meetings.csproj", "{B7B85118-E39A-4BEE-9D3F-0ECFB7CF5A10}"
EndProject
Project("{E53339B2-1760-4266-BCC7-CA923CBCF16C}") = "docker-compose", "docker-compose.dcproj", "{17532100-0F5F-42CA-841B-00858792AF69}"
EndProject
Project("{2150E333-8FDC-42A3-9474-1A3956D46DE8}") = "Identity", "Identity", "{1C076456-443C-4BD2-8F68-AF2D6B54E5A2}"
EndProject
Project("{9A19103F-16F7-4668-BE54-9A1E7A4F7556}") = "MeetingOrganizer.Identity", "Systems\Identity\MeetingOrganizer.Identity\MeetingOrganizer.Identity.csproj", "{9B543DFC-0876-428A-AD64-8F056FB01105}"
EndProject
Project("{9A19103F-16F7-4668-BE54-9A1E7A4F7556}") = "MeetingOrganizer.Services.Cache", "Services\MeetingOrganizer.Services.Cache\MeetingOrganizer.Services.Cache.csproj", "{99FFF996-02EF-4556-B430-2437DD68AF10}"
EndProject
Project("{9A19103F-16F7-4668-BE54-9A1E7A4F7556}") = "MeetingOrganizer.Services.Actions", "Services\MeetingOrganizer.Services.Actions\MeetingOrganizer.Services.Actions.csproj", "{C126208C-8B0C-4BA4-A13B-47CCEE99B5BB}"
EndProject
Project("{9A19103F-16F7-4668-BE54-9A1E7A4F7556}") = "MeetingOrganizer.Consts", "Shared\MeetingOrganizer.Consts\MeetingOrganizer.Consts.csproj", "{EB2B76F9-5035-4522-9DEA-F146D9B45719}"
EndProject
Project("{9A19103F-16F7-4668-BE54-9A1E7A4F7556}") = "MeetingOrganizer.Services.RabbitMq", "Services\MeetingOrganizer.Services.RabbitMq\MeetingOrganizer.Services.RabbitMq.csproj", "{E3F20879-5C43-483B-9742-3954F4C6D58D}"
EndProject
Project("{9A19103F-16F7-4668-BE54-9A1E7A4F7556}") = "MeetingOrganizer.Services.EmailSender", "Services\MeetingOrganizer.Services.EmailSender\MeetingOrganizer.Services.EmailSender.csproj", "{14009B2E-F7F8-4207-9DAB-E34C5D76565C}"
EndProject
Project("{2150E333-8FDC-42A3-9474-1A3956D46DE8}") = "Worker", "Worker", "{B2DC07C2-2E99-42A3-9639-4612D3C28773}"
EndProject
Project("{9A19103F-16F7-4668-BE54-9A1E7A4F7556}") = "MeetingOrganizer.Worker", "Systems\Worker\MeetingOrganizer.Worker\MeetingOrganizer.Worker.csproj", "{3FF99754-0050-4013-8D7E-DC1CFD50FEDC}"
EndProject
Project("{9A19103F-16F7-4668-BE54-9A1E7A4F7556}") = "MeetingOrganizer.Services.Participants", "Services\MeetingOrganizer.Services.Participants\MeetingOrganizer.Services.Participants.csproj", "{8EFEC3A5-A0E6-4341-9BB8-4A1D0DC81951}"
EndProject
Project("{9A19103F-16F7-4668-BE54-9A1E7A4F7556}") = "MeetingOrganizer.Services.Comments", "Services\MeetingOrganizer.Services.Comments\MeetingOrganizer.Services.Comments.csproj", "{E85F316A-76D6-4094-98EF-F41709BB713C}"
EndProject
Project("{9A19103F-16F7-4668-BE54-9A1E7A4F7556}") = "MeetingOrganizer.Services.CommentLikes", "Services\MeetingOrganizer.Services.CommentLikes\MeetingOrganizer.Services.CommentLikes.csproj", "{FA9796F1-917C-4BAB-84E7-474DF52CCC17}"
EndProject
Project("{FAE04EC0-301F-11D3-BF4B-00C04F79EFBC}") = "MeetingOrganizer.Services.MeetingLikes", "Services\MeetingOrganizer.Services.MeetingLikes\MeetingOrganizer.Services.MeetingLikes.csproj", "{5B91BE54-1837-4637-86D2-2C40A8E8B138}"
EndProject
Global
	GlobalSection(SolutionConfigurationPlatforms) = preSolution
		Debug|Any CPU = Debug|Any CPU
		Release|Any CPU = Release|Any CPU
	EndGlobalSection
	GlobalSection(ProjectConfigurationPlatforms) = postSolution
		{E74AF201-20C7-4571-B435-942F104E347E}.Debug|Any CPU.ActiveCfg = Debug|Any CPU
		{E74AF201-20C7-4571-B435-942F104E347E}.Debug|Any CPU.Build.0 = Debug|Any CPU
		{E74AF201-20C7-4571-B435-942F104E347E}.Release|Any CPU.ActiveCfg = Release|Any CPU
		{E74AF201-20C7-4571-B435-942F104E347E}.Release|Any CPU.Build.0 = Release|Any CPU
		{FCB3CA7F-0341-4883-BC98-B090D5B9BA16}.Debug|Any CPU.ActiveCfg = Debug|Any CPU
		{FCB3CA7F-0341-4883-BC98-B090D5B9BA16}.Debug|Any CPU.Build.0 = Debug|Any CPU
		{FCB3CA7F-0341-4883-BC98-B090D5B9BA16}.Release|Any CPU.ActiveCfg = Release|Any CPU
		{FCB3CA7F-0341-4883-BC98-B090D5B9BA16}.Release|Any CPU.Build.0 = Release|Any CPU
		{539E9690-5CD6-4C52-886C-1FA8D87B1214}.Debug|Any CPU.ActiveCfg = Debug|Any CPU
		{539E9690-5CD6-4C52-886C-1FA8D87B1214}.Debug|Any CPU.Build.0 = Debug|Any CPU
		{539E9690-5CD6-4C52-886C-1FA8D87B1214}.Release|Any CPU.ActiveCfg = Release|Any CPU
		{539E9690-5CD6-4C52-886C-1FA8D87B1214}.Release|Any CPU.Build.0 = Release|Any CPU
		{98A77E1E-52E4-4CB3-8375-DFFDB2EA4FFA}.Debug|Any CPU.ActiveCfg = Debug|Any CPU
		{98A77E1E-52E4-4CB3-8375-DFFDB2EA4FFA}.Debug|Any CPU.Build.0 = Debug|Any CPU
		{98A77E1E-52E4-4CB3-8375-DFFDB2EA4FFA}.Release|Any CPU.ActiveCfg = Release|Any CPU
		{98A77E1E-52E4-4CB3-8375-DFFDB2EA4FFA}.Release|Any CPU.Build.0 = Release|Any CPU
		{E2453AA7-9064-4DD4-A917-79FD34C0F792}.Debug|Any CPU.ActiveCfg = Debug|Any CPU
		{E2453AA7-9064-4DD4-A917-79FD34C0F792}.Debug|Any CPU.Build.0 = Debug|Any CPU
		{E2453AA7-9064-4DD4-A917-79FD34C0F792}.Release|Any CPU.ActiveCfg = Release|Any CPU
		{E2453AA7-9064-4DD4-A917-79FD34C0F792}.Release|Any CPU.Build.0 = Release|Any CPU
		{B14D2D1A-0858-4E02-B3AB-5860F4773439}.Debug|Any CPU.ActiveCfg = Debug|Any CPU
		{B14D2D1A-0858-4E02-B3AB-5860F4773439}.Debug|Any CPU.Build.0 = Debug|Any CPU
		{B14D2D1A-0858-4E02-B3AB-5860F4773439}.Release|Any CPU.ActiveCfg = Release|Any CPU
		{B14D2D1A-0858-4E02-B3AB-5860F4773439}.Release|Any CPU.Build.0 = Release|Any CPU
		{9507D640-5F0A-492F-A1EA-0968D032A7E4}.Debug|Any CPU.ActiveCfg = Debug|Any CPU
		{9507D640-5F0A-492F-A1EA-0968D032A7E4}.Debug|Any CPU.Build.0 = Debug|Any CPU
		{9507D640-5F0A-492F-A1EA-0968D032A7E4}.Release|Any CPU.ActiveCfg = Release|Any CPU
		{9507D640-5F0A-492F-A1EA-0968D032A7E4}.Release|Any CPU.Build.0 = Release|Any CPU
		{27A48FCA-4C9A-4C6E-9402-BDE07531A6A6}.Debug|Any CPU.ActiveCfg = Debug|Any CPU
		{27A48FCA-4C9A-4C6E-9402-BDE07531A6A6}.Debug|Any CPU.Build.0 = Debug|Any CPU
		{27A48FCA-4C9A-4C6E-9402-BDE07531A6A6}.Release|Any CPU.ActiveCfg = Release|Any CPU
		{27A48FCA-4C9A-4C6E-9402-BDE07531A6A6}.Release|Any CPU.Build.0 = Release|Any CPU
		{AC1FB4DC-2554-46C1-822F-42DD406617CA}.Debug|Any CPU.ActiveCfg = Debug|Any CPU
		{AC1FB4DC-2554-46C1-822F-42DD406617CA}.Debug|Any CPU.Build.0 = Debug|Any CPU
		{AC1FB4DC-2554-46C1-822F-42DD406617CA}.Release|Any CPU.ActiveCfg = Release|Any CPU
		{AC1FB4DC-2554-46C1-822F-42DD406617CA}.Release|Any CPU.Build.0 = Release|Any CPU
		{0B481274-34A2-4721-B1AC-4182C148CDFC}.Debug|Any CPU.ActiveCfg = Debug|Any CPU
		{0B481274-34A2-4721-B1AC-4182C148CDFC}.Debug|Any CPU.Build.0 = Debug|Any CPU
		{0B481274-34A2-4721-B1AC-4182C148CDFC}.Release|Any CPU.ActiveCfg = Release|Any CPU
		{0B481274-34A2-4721-B1AC-4182C148CDFC}.Release|Any CPU.Build.0 = Release|Any CPU
		{B7B85118-E39A-4BEE-9D3F-0ECFB7CF5A10}.Debug|Any CPU.ActiveCfg = Debug|Any CPU
		{B7B85118-E39A-4BEE-9D3F-0ECFB7CF5A10}.Debug|Any CPU.Build.0 = Debug|Any CPU
		{B7B85118-E39A-4BEE-9D3F-0ECFB7CF5A10}.Release|Any CPU.ActiveCfg = Release|Any CPU
		{B7B85118-E39A-4BEE-9D3F-0ECFB7CF5A10}.Release|Any CPU.Build.0 = Release|Any CPU
		{17532100-0F5F-42CA-841B-00858792AF69}.Debug|Any CPU.ActiveCfg = Debug|Any CPU
		{17532100-0F5F-42CA-841B-00858792AF69}.Debug|Any CPU.Build.0 = Debug|Any CPU
		{17532100-0F5F-42CA-841B-00858792AF69}.Release|Any CPU.ActiveCfg = Release|Any CPU
		{17532100-0F5F-42CA-841B-00858792AF69}.Release|Any CPU.Build.0 = Release|Any CPU
		{9B543DFC-0876-428A-AD64-8F056FB01105}.Debug|Any CPU.ActiveCfg = Debug|Any CPU
		{9B543DFC-0876-428A-AD64-8F056FB01105}.Debug|Any CPU.Build.0 = Debug|Any CPU
		{9B543DFC-0876-428A-AD64-8F056FB01105}.Release|Any CPU.ActiveCfg = Release|Any CPU
		{9B543DFC-0876-428A-AD64-8F056FB01105}.Release|Any CPU.Build.0 = Release|Any CPU
		{99FFF996-02EF-4556-B430-2437DD68AF10}.Debug|Any CPU.ActiveCfg = Debug|Any CPU
		{99FFF996-02EF-4556-B430-2437DD68AF10}.Debug|Any CPU.Build.0 = Debug|Any CPU
		{99FFF996-02EF-4556-B430-2437DD68AF10}.Release|Any CPU.ActiveCfg = Release|Any CPU
		{99FFF996-02EF-4556-B430-2437DD68AF10}.Release|Any CPU.Build.0 = Release|Any CPU
		{C126208C-8B0C-4BA4-A13B-47CCEE99B5BB}.Debug|Any CPU.ActiveCfg = Debug|Any CPU
		{C126208C-8B0C-4BA4-A13B-47CCEE99B5BB}.Debug|Any CPU.Build.0 = Debug|Any CPU
		{C126208C-8B0C-4BA4-A13B-47CCEE99B5BB}.Release|Any CPU.ActiveCfg = Release|Any CPU
		{C126208C-8B0C-4BA4-A13B-47CCEE99B5BB}.Release|Any CPU.Build.0 = Release|Any CPU
		{EB2B76F9-5035-4522-9DEA-F146D9B45719}.Debug|Any CPU.ActiveCfg = Debug|Any CPU
		{EB2B76F9-5035-4522-9DEA-F146D9B45719}.Debug|Any CPU.Build.0 = Debug|Any CPU
		{EB2B76F9-5035-4522-9DEA-F146D9B45719}.Release|Any CPU.ActiveCfg = Release|Any CPU
		{EB2B76F9-5035-4522-9DEA-F146D9B45719}.Release|Any CPU.Build.0 = Release|Any CPU
		{E3F20879-5C43-483B-9742-3954F4C6D58D}.Debug|Any CPU.ActiveCfg = Debug|Any CPU
		{E3F20879-5C43-483B-9742-3954F4C6D58D}.Debug|Any CPU.Build.0 = Debug|Any CPU
		{E3F20879-5C43-483B-9742-3954F4C6D58D}.Release|Any CPU.ActiveCfg = Release|Any CPU
		{E3F20879-5C43-483B-9742-3954F4C6D58D}.Release|Any CPU.Build.0 = Release|Any CPU
		{14009B2E-F7F8-4207-9DAB-E34C5D76565C}.Debug|Any CPU.ActiveCfg = Debug|Any CPU
		{14009B2E-F7F8-4207-9DAB-E34C5D76565C}.Debug|Any CPU.Build.0 = Debug|Any CPU
		{14009B2E-F7F8-4207-9DAB-E34C5D76565C}.Release|Any CPU.ActiveCfg = Release|Any CPU
		{14009B2E-F7F8-4207-9DAB-E34C5D76565C}.Release|Any CPU.Build.0 = Release|Any CPU
		{3FF99754-0050-4013-8D7E-DC1CFD50FEDC}.Debug|Any CPU.ActiveCfg = Debug|Any CPU
		{3FF99754-0050-4013-8D7E-DC1CFD50FEDC}.Debug|Any CPU.Build.0 = Debug|Any CPU
		{3FF99754-0050-4013-8D7E-DC1CFD50FEDC}.Release|Any CPU.ActiveCfg = Release|Any CPU
		{3FF99754-0050-4013-8D7E-DC1CFD50FEDC}.Release|Any CPU.Build.0 = Release|Any CPU
		{8EFEC3A5-A0E6-4341-9BB8-4A1D0DC81951}.Debug|Any CPU.ActiveCfg = Debug|Any CPU
		{8EFEC3A5-A0E6-4341-9BB8-4A1D0DC81951}.Debug|Any CPU.Build.0 = Debug|Any CPU
		{8EFEC3A5-A0E6-4341-9BB8-4A1D0DC81951}.Release|Any CPU.ActiveCfg = Release|Any CPU
		{8EFEC3A5-A0E6-4341-9BB8-4A1D0DC81951}.Release|Any CPU.Build.0 = Release|Any CPU
		{E85F316A-76D6-4094-98EF-F41709BB713C}.Debug|Any CPU.ActiveCfg = Debug|Any CPU
		{E85F316A-76D6-4094-98EF-F41709BB713C}.Debug|Any CPU.Build.0 = Debug|Any CPU
		{E85F316A-76D6-4094-98EF-F41709BB713C}.Release|Any CPU.ActiveCfg = Release|Any CPU
		{E85F316A-76D6-4094-98EF-F41709BB713C}.Release|Any CPU.Build.0 = Release|Any CPU
		{FA9796F1-917C-4BAB-84E7-474DF52CCC17}.Debug|Any CPU.ActiveCfg = Debug|Any CPU
		{FA9796F1-917C-4BAB-84E7-474DF52CCC17}.Debug|Any CPU.Build.0 = Debug|Any CPU
		{FA9796F1-917C-4BAB-84E7-474DF52CCC17}.Release|Any CPU.ActiveCfg = Release|Any CPU
		{FA9796F1-917C-4BAB-84E7-474DF52CCC17}.Release|Any CPU.Build.0 = Release|Any CPU
		{5B91BE54-1837-4637-86D2-2C40A8E8B138}.Debug|Any CPU.ActiveCfg = Debug|Any CPU
		{5B91BE54-1837-4637-86D2-2C40A8E8B138}.Debug|Any CPU.Build.0 = Debug|Any CPU
		{5B91BE54-1837-4637-86D2-2C40A8E8B138}.Release|Any CPU.ActiveCfg = Release|Any CPU
		{5B91BE54-1837-4637-86D2-2C40A8E8B138}.Release|Any CPU.Build.0 = Release|Any CPU
	EndGlobalSection
	GlobalSection(SolutionProperties) = preSolution
		HideSolutionNode = FALSE
	EndGlobalSection
	GlobalSection(NestedProjects) = preSolution
		{C49F534E-40C5-4467-A250-3F31D0BCC091} = {C58D84F9-1B9B-407C-8B03-04ACB468ABAD}
		{E74AF201-20C7-4571-B435-942F104E347E} = {C49F534E-40C5-4467-A250-3F31D0BCC091}
		{FCB3CA7F-0341-4883-BC98-B090D5B9BA16} = {DC6DBD5B-5AE0-40D7-A958-FE1B18F52F88}
		{539E9690-5CD6-4C52-886C-1FA8D87B1214} = {DC6DBD5B-5AE0-40D7-A958-FE1B18F52F88}
		{98A77E1E-52E4-4CB3-8375-DFFDB2EA4FFA} = {5805886F-A3FF-4C7A-BD75-F136ED5B636A}
		{E2453AA7-9064-4DD4-A917-79FD34C0F792} = {AABE65E7-2909-4C2C-96E8-D0D3F2464EC9}
		{B14D2D1A-0858-4E02-B3AB-5860F4773439} = {AABE65E7-2909-4C2C-96E8-D0D3F2464EC9}
		{9507D640-5F0A-492F-A1EA-0968D032A7E4} = {AABE65E7-2909-4C2C-96E8-D0D3F2464EC9}
		{27A48FCA-4C9A-4C6E-9402-BDE07531A6A6} = {5805886F-A3FF-4C7A-BD75-F136ED5B636A}
		{AC1FB4DC-2554-46C1-822F-42DD406617CA} = {AABE65E7-2909-4C2C-96E8-D0D3F2464EC9}
		{0B481274-34A2-4721-B1AC-4182C148CDFC} = {5805886F-A3FF-4C7A-BD75-F136ED5B636A}
		{B7B85118-E39A-4BEE-9D3F-0ECFB7CF5A10} = {5805886F-A3FF-4C7A-BD75-F136ED5B636A}
		{1C076456-443C-4BD2-8F68-AF2D6B54E5A2} = {C58D84F9-1B9B-407C-8B03-04ACB468ABAD}
		{9B543DFC-0876-428A-AD64-8F056FB01105} = {1C076456-443C-4BD2-8F68-AF2D6B54E5A2}
		{99FFF996-02EF-4556-B430-2437DD68AF10} = {5805886F-A3FF-4C7A-BD75-F136ED5B636A}
		{C126208C-8B0C-4BA4-A13B-47CCEE99B5BB} = {5805886F-A3FF-4C7A-BD75-F136ED5B636A}
		{EB2B76F9-5035-4522-9DEA-F146D9B45719} = {DC6DBD5B-5AE0-40D7-A958-FE1B18F52F88}
		{E3F20879-5C43-483B-9742-3954F4C6D58D} = {5805886F-A3FF-4C7A-BD75-F136ED5B636A}
		{14009B2E-F7F8-4207-9DAB-E34C5D76565C} = {5805886F-A3FF-4C7A-BD75-F136ED5B636A}
		{B2DC07C2-2E99-42A3-9639-4612D3C28773} = {C58D84F9-1B9B-407C-8B03-04ACB468ABAD}
		{3FF99754-0050-4013-8D7E-DC1CFD50FEDC} = {B2DC07C2-2E99-42A3-9639-4612D3C28773}
		{8EFEC3A5-A0E6-4341-9BB8-4A1D0DC81951} = {5805886F-A3FF-4C7A-BD75-F136ED5B636A}
		{E85F316A-76D6-4094-98EF-F41709BB713C} = {5805886F-A3FF-4C7A-BD75-F136ED5B636A}
		{FA9796F1-917C-4BAB-84E7-474DF52CCC17} = {5805886F-A3FF-4C7A-BD75-F136ED5B636A}
		{5B91BE54-1837-4637-86D2-2C40A8E8B138} = {5805886F-A3FF-4C7A-BD75-F136ED5B636A}
	EndGlobalSection
	GlobalSection(ExtensibilityGlobals) = postSolution
		SolutionGuid = {3223470B-A10F-4123-B5D5-A1358692F51C}
	EndGlobalSection
EndGlobal
